
Microsoft Visual Studio Solution File, Format Version 12.00
# Visual Studio Version 16
VisualStudioVersion = 16.0.29326.143
MinimumVisualStudioVersion = 10.0.40219.1
Project("{FAE04EC0-301F-11D3-BF4B-00C04F79EFBC}") = "TroydonFitness", "TroydonFitness\TroydonFitness.csproj", "{80D20AEA-A680-4793-89D0-9EF6232FCE47}"
EndProject
Global
	GlobalSection(SolutionConfigurationPlatforms) = preSolution
		Debug|Any CPU = Debug|Any CPU
		Release|Any CPU = Release|Any CPU
	EndGlobalSection
	GlobalSection(ProjectConfigurationPlatforms) = postSolution
		{80D20AEA-A680-4793-89D0-9EF6232FCE47}.Debug|Any CPU.ActiveCfg = Debug|Any CPU
		{80D20AEA-A680-4793-89D0-9EF6232FCE47}.Debug|Any CPU.Build.0 = Debug|Any CPU
		{80D20AEA-A680-4793-89D0-9EF6232FCE47}.Release|Any CPU.ActiveCfg = Release|Any CPU
		{80D20AEA-A680-4793-89D0-9EF6232FCE47}.Release|Any CPU.Build.0 = Release|Any CPU
	EndGlobalSection
	GlobalSection(SolutionProperties) = preSolution
		HideSolutionNode = FALSE
	EndGlobalSection
	GlobalSection(ExtensibilityGlobals) = postSolution
		SolutionGuid = {E7421CB1-4F39-4EC6-B860-AF13DD64C909}
	EndGlobalSection
EndGlobal
